
Microsoft Visual Studio Solution File, Format Version 12.00
# Visual Studio 2013
VisualStudioVersion = 12.0.21005.1
MinimumVisualStudioVersion = 10.0.40219.1
Project("{FAE04EC0-301F-11D3-BF4B-00C04F79EFBC}") = "Testchfs", "Testchfs\Testchfs.csproj", "{96A33B23-07A9-4623-8768-D34C8B0BEE7F}"
EndProject
Global
	GlobalSection(SolutionConfigurationPlatforms) = preSolution
		Debug|Any CPU = Debug|Any CPU
		Release|Any CPU = Release|Any CPU
	EndGlobalSection
	GlobalSection(ProjectConfigurationPlatforms) = postSolution
		{96A33B23-07A9-4623-8768-D34C8B0BEE7F}.Debug|Any CPU.ActiveCfg = Debug|Any CPU
		{96A33B23-07A9-4623-8768-D34C8B0BEE7F}.Debug|Any CPU.Build.0 = Debug|Any CPU
		{96A33B23-07A9-4623-8768-D34C8B0BEE7F}.Release|Any CPU.ActiveCfg = Release|Any CPU
		{96A33B23-07A9-4623-8768-D34C8B0BEE7F}.Release|Any CPU.Build.0 = Release|Any CPU
	EndGlobalSection
	GlobalSection(SolutionProperties) = preSolution
		HideSolutionNode = FALSE
	EndGlobalSection
EndGlobal
